
Microsoft Visual Studio Solution File, Format Version 12.00
# Visual Studio 15
VisualStudioVersion = 15.0.28010.2046
MinimumVisualStudioVersion = 10.0.40219.1
Project("{FAE04EC0-301F-11D3-BF4B-00C04F79EFBC}") = "PrismAndMefExample", "PrismAndMefExample\PrismAndMefExample.csproj", "{892AA2F3-EE21-4D65-8092-BA1C7166AE0C}"
EndProject
Project("{FAE04EC0-301F-11D3-BF4B-00C04F79EFBC}") = "Shared", "Shared\Shared.csproj", "{8383F67F-32AC-4A91-A907-D16CA0494A2A}"
EndProject
Project("{2150E333-8FDC-42A3-9474-1A3956D46DE8}") = "Extensions", "Extensions", "{70EA3CE7-2440-4198-AF82-5FBBB722F7C2}"
EndProject
Project("{FAE04EC0-301F-11D3-BF4B-00C04F79EFBC}") = "Application_1", "Application_1\Application_1.csproj", "{734C83CD-B3A1-48AA-918D-72C0FC10B32D}"
EndProject
Project("{FAE04EC0-301F-11D3-BF4B-00C04F79EFBC}") = "Application_2", "Application_2\Application_2.csproj", "{E4FDA72C-D2A9-41E3-BC36-2BE63F4576A7}"
EndProject
Global
	GlobalSection(SolutionConfigurationPlatforms) = preSolution
		Debug|Any CPU = Debug|Any CPU
		Release|Any CPU = Release|Any CPU
	EndGlobalSection
	GlobalSection(ProjectConfigurationPlatforms) = postSolution
		{892AA2F3-EE21-4D65-8092-BA1C7166AE0C}.Debug|Any CPU.ActiveCfg = Debug|Any CPU
		{892AA2F3-EE21-4D65-8092-BA1C7166AE0C}.Debug|Any CPU.Build.0 = Debug|Any CPU
		{892AA2F3-EE21-4D65-8092-BA1C7166AE0C}.Release|Any CPU.ActiveCfg = Release|Any CPU
		{892AA2F3-EE21-4D65-8092-BA1C7166AE0C}.Release|Any CPU.Build.0 = Release|Any CPU
		{8383F67F-32AC-4A91-A907-D16CA0494A2A}.Debug|Any CPU.ActiveCfg = Debug|Any CPU
		{8383F67F-32AC-4A91-A907-D16CA0494A2A}.Debug|Any CPU.Build.0 = Debug|Any CPU
		{8383F67F-32AC-4A91-A907-D16CA0494A2A}.Release|Any CPU.ActiveCfg = Release|Any CPU
		{8383F67F-32AC-4A91-A907-D16CA0494A2A}.Release|Any CPU.Build.0 = Release|Any CPU
		{734C83CD-B3A1-48AA-918D-72C0FC10B32D}.Debug|Any CPU.ActiveCfg = Debug|Any CPU
		{734C83CD-B3A1-48AA-918D-72C0FC10B32D}.Debug|Any CPU.Build.0 = Debug|Any CPU
		{734C83CD-B3A1-48AA-918D-72C0FC10B32D}.Release|Any CPU.ActiveCfg = Release|Any CPU
		{734C83CD-B3A1-48AA-918D-72C0FC10B32D}.Release|Any CPU.Build.0 = Release|Any CPU
		{E4FDA72C-D2A9-41E3-BC36-2BE63F4576A7}.Debug|Any CPU.ActiveCfg = Debug|Any CPU
		{E4FDA72C-D2A9-41E3-BC36-2BE63F4576A7}.Debug|Any CPU.Build.0 = Debug|Any CPU
		{E4FDA72C-D2A9-41E3-BC36-2BE63F4576A7}.Release|Any CPU.ActiveCfg = Release|Any CPU
		{E4FDA72C-D2A9-41E3-BC36-2BE63F4576A7}.Release|Any CPU.Build.0 = Release|Any CPU
	EndGlobalSection
	GlobalSection(SolutionProperties) = preSolution
		HideSolutionNode = FALSE
	EndGlobalSection
	GlobalSection(NestedProjects) = preSolution
		{734C83CD-B3A1-48AA-918D-72C0FC10B32D} = {70EA3CE7-2440-4198-AF82-5FBBB722F7C2}
		{E4FDA72C-D2A9-41E3-BC36-2BE63F4576A7} = {70EA3CE7-2440-4198-AF82-5FBBB722F7C2}
	EndGlobalSection
	GlobalSection(ExtensibilityGlobals) = postSolution
		SolutionGuid = {F22E9A00-1B61-4727-B0E7-5796205E81EF}
	EndGlobalSection
EndGlobal
